
Microsoft Visual Studio Solution File, Format Version 11.00
# Visual Studio 2010
Project("{8BC9CEB8-8B4A-11D0-8D11-00A0C91BC942}") = "Server", "Server\Server.vcxproj", "{CE33A49A-C5C7-4C93-B888-C2D3186BD23C}"
EndProject
Project("{8BC9CEB8-8B4A-11D0-8D11-00A0C91BC942}") = "Client", "Client\Client.vcxproj", "{207758B1-3E72-4A7B-ACB1-26A06976A1F3}"
EndProject
Global
	GlobalSection(SolutionConfigurationPlatforms) = preSolution
		Debug|Win32 = Debug|Win32
		Release|Win32 = Release|Win32
	EndGlobalSection
	GlobalSection(ProjectConfigurationPlatforms) = postSolution
		{CE33A49A-C5C7-4C93-B888-C2D3186BD23C}.Debug|Win32.ActiveCfg = Debug|Win32
		{CE33A49A-C5C7-4C93-B888-C2D3186BD23C}.Debug|Win32.Build.0 = Debug|Win32
		{CE33A49A-C5C7-4C93-B888-C2D3186BD23C}.Release|Win32.ActiveCfg = Release|Win32
		{CE33A49A-C5C7-4C93-B888-C2D3186BD23C}.Release|Win32.Build.0 = Release|Win32
		{207758B1-3E72-4A7B-ACB1-26A06976A1F3}.Debug|Win32.ActiveCfg = Debug|Win32
		{207758B1-3E72-4A7B-ACB1-26A06976A1F3}.Debug|Win32.Build.0 = Debug|Win32
		{207758B1-3E72-4A7B-ACB1-26A06976A1F3}.Release|Win32.ActiveCfg = Release|Win32
		{207758B1-3E72-4A7B-ACB1-26A06976A1F3}.Release|Win32.Build.0 = Release|Win32
	EndGlobalSection
	GlobalSection(SolutionProperties) = preSolution
		HideSolutionNode = FALSE
	EndGlobalSection
EndGlobal
